<?xml version="1.0" encoding="utf-8"?>
<Project ToolsVersion="4.0" xmlns="http://schemas.microsoft.com/developer/msbuild/2003">
  <ItemGroup>
    <Filter Include="Source Files">
      <UniqueIdentifier>{13a71a5a-2b05-45eb-af33-52414ae6939a}</UniqueIdentifier>
      <Extensions>c</Extensions>
    </Filter>
    <Filter Include="Header Files">
      <UniqueIdentifier>{000ae69c-074b-4936-a922-a0e1c0fcd26b}</UniqueIdentifier>
      <Extensions>h</Extensions>
    </Filter>
    <Filter Include="strafe_tools">
      <UniqueIdentifier>{518b9e38-ba77-4c0c-b424-163fb97cfa41}</UniqueIdentifier>
    </Filter>
    <Filter Include="strafe_tools\strafe_helper">
      <UniqueIdentifier>{275d4085-2b29-4fdd-800f-a8bb46b6424d}</UniqueIdentifier>
    </Filter>
  </ItemGroup>
  <ItemGroup>
    <ClCompile Include="..\game\bg_lib.c">
      <Filter>Source Files</Filter>
    </ClCompile>
    <ClCompile Include="..\game\bg_misc.c">
      <Filter>Source Files</Filter>
    </ClCompile>
    <ClCompile Include="..\game\bg_pmove.c">
      <Filter>Source Files</Filter>
    </ClCompile>
    <ClCompile Include="..\game\bg_slidemove.c">
      <Filter>Source Files</Filter>
    </ClCompile>
    <ClCompile Include="cg_consolecmds.c">
      <Filter>Source Files</Filter>
    </ClCompile>
    <ClCompile Include="cg_draw.c">
      <Filter>Source Files</Filter>
    </ClCompile>
    <ClCompile Include="cg_drawtools.c">
      <Filter>Source Files</Filter>
    </ClCompile>
    <ClCompile Include="cg_effects.c">
      <Filter>Source Files</Filter>
    </ClCompile>
    <ClCompile Include="cg_ents.c">
      <Filter>Source Files</Filter>
    </ClCompile>
    <ClCompile Include="cg_env.c">
      <Filter>Source Files</Filter>
    </ClCompile>
    <ClCompile Include="cg_event.c">
      <Filter>Source Files</Filter>
    </ClCompile>
    <ClCompile Include="cg_info.c">
      <Filter>Source Files</Filter>
    </ClCompile>
    <ClCompile Include="cg_localents.c">
      <Filter>Source Files</Filter>
    </ClCompile>
    <ClCompile Include="cg_main.c">
      <Filter>Source Files</Filter>
    </ClCompile>
    <ClCompile Include="cg_marks.c">
      <Filter>Source Files</Filter>
    </ClCompile>
    <ClCompile Include="cg_players.c">
      <Filter>Source Files</Filter>
    </ClCompile>
    <ClCompile Include="cg_playerstate.c">
      <Filter>Source Files</Filter>
    </ClCompile>
    <ClCompile Include="cg_predict.c">
      <Filter>Source Files</Filter>
    </ClCompile>
    <ClCompile Include="cg_scoreboard.c">
      <Filter>Source Files</Filter>
    </ClCompile>
    <ClCompile Include="cg_screenfx.c">
      <Filter>Source Files</Filter>
    </ClCompile>
    <ClCompile Include="cg_servercmds.c">
      <Filter>Source Files</Filter>
    </ClCompile>
    <ClCompile Include="cg_snapshot.c">
      <Filter>Source Files</Filter>
    </ClCompile>
    <ClCompile Include="cg_syscalls.c">
      <Filter>Source Files</Filter>
    </ClCompile>
    <ClCompile Include="cg_view.c">
      <Filter>Source Files</Filter>
    </ClCompile>
    <ClCompile Include="cg_weapons.c">
      <Filter>Source Files</Filter>
    </ClCompile>
    <ClCompile Include="fx_borg.c">
      <Filter>Source Files</Filter>
    </ClCompile>
    <ClCompile Include="fx_compression.c">
      <Filter>Source Files</Filter>
    </ClCompile>
    <ClCompile Include="fx_dreadnought.c">
      <Filter>Source Files</Filter>
    </ClCompile>
    <ClCompile Include="fx_grenade.c">
      <Filter>Source Files</Filter>
    </ClCompile>
    <ClCompile Include="fx_imod.c">
      <Filter>Source Files</Filter>
    </ClCompile>
    <ClCompile Include="fx_item.c">
      <Filter>Source Files</Filter>
    </ClCompile>
    <ClCompile Include="fx_lib.c">
      <Filter>Source Files</Filter>
    </ClCompile>
    <ClCompile Include="fx_misc.c">
      <Filter>Source Files</Filter>
    </ClCompile>
    <ClCompile Include="fx_phaser.c">
      <Filter>Source Files</Filter>
    </ClCompile>
    <ClCompile Include="fx_quantum.c">
      <Filter>Source Files</Filter>
    </ClCompile>
    <ClCompile Include="fx_scavenger.c">
      <Filter>Source Files</Filter>
    </ClCompile>
    <ClCompile Include="fx_stasis.c">
      <Filter>Source Files</Filter>
    </ClCompile>
    <ClCompile Include="fx_tetrion.c">
      <Filter>Source Files</Filter>
    </ClCompile>
    <ClCompile Include="fx_transporter.c">
      <Filter>Source Files</Filter>
    </ClCompile>
    <ClCompile Include="..\game\q_math.c">
      <Filter>Source Files</Filter>
    </ClCompile>
    <ClCompile Include="..\game\q_shared.c">
      <Filter>Source Files</Filter>
    </ClCompile>
    <ClCompile Include="..\strafe_tools\strafe_helper\strafe_helper.c">
      <Filter>strafe_tools\strafe_helper</Filter>
    </ClCompile>
    <ClCompile Include="..\strafe_tools\strafe_helper_includes.c">
      <Filter>strafe_tools</Filter>
    </ClCompile>
    <ClCompile Include="..\strafe_tools\strafe_helper_customization.c">
      <Filter>strafe_tools</Filter>
    </ClCompile>
  </ItemGroup>
  <ItemGroup>
    <ClInclude Include="..\game\bg_local.h">
      <Filter>Header Files</Filter>
    </ClInclude>
    <ClInclude Include="..\game\bg_public.h">
      <Filter>Header Files</Filter>
    </ClInclude>
    <ClInclude Include="cg_local.h">
      <Filter>Header Files</Filter>
    </ClInclude>
    <ClInclude Include="cg_public.h">
      <Filter>Header Files</Filter>
    </ClInclude>
    <ClInclude Include="cg_screenfx.h">
      <Filter>Header Files</Filter>
    </ClInclude>
    <ClInclude Include="cg_text.h">
      <Filter>Header Files</Filter>
    </ClInclude>
    <ClInclude Include="fx_local.h">
      <Filter>Header Files</Filter>
    </ClInclude>
    <ClInclude Include="..\game\q_shared.h">
      <Filter>Header Files</Filter>
    </ClInclude>
    <ClInclude Include="..\game\surfaceflags.h">
      <Filter>Header Files</Filter>
    </ClInclude>
    <ClInclude Include="tr_types.h">
      <Filter>Header Files</Filter>
    </ClInclude>
    <ClInclude Include="..\strafe_tools\strafe_helper\strafe_helper.h">
      <Filter>strafe_tools\strafe_helper</Filter>
    </ClInclude>
    <ClInclude Include="..\strafe_tools\strafe_helper_includes.h">
      <Filter>strafe_tools</Filter>
    </ClInclude>
    <ClInclude Include="..\strafe_tools\strafe_helper\strafe_helper_customization.h">
      <Filter>strafe_tools\strafe_helper</Filter>
    </ClInclude>
  </ItemGroup>
  <ItemGroup>
    <CustomBuild Include="cgame.def">
      <Filter>Header Files</Filter>
    </CustomBuild>
    <CustomBuild Include="cg_syscalls.asm" />
    <CustomBuild Include="cgame.bat" />
    <CustomBuild Include="cgame.q3asm" />
  </ItemGroup>
</Project>